
Microsoft Visual Studio Solution File, Format Version 12.00
# Visual Studio Version 17
VisualStudioVersion = 17.13.35931.197
MinimumVisualStudioVersion = 10.0.40219.1
Project("{FAE04EC0-301F-11D3-BF4B-00C04F79EFBC}") = "ProgressKnightFantasy", "ProgressKnightFantasy\ProgressKnightFantasy.csproj", "{EC5CA097-4B56-AB6B-8D92-04D2F414ADDE}"
EndProject
Global
	GlobalSection(SolutionConfigurationPlatforms) = preSolution
		Debug|Any CPU = Debug|Any CPU
		Release|Any CPU = Release|Any CPU
	EndGlobalSection
	GlobalSection(ProjectConfigurationPlatforms) = postSolution
		{EC5CA097-4B56-AB6B-8D92-04D2F414ADDE}.Debug|Any CPU.ActiveCfg = Debug|Any CPU
		{EC5CA097-4B56-AB6B-8D92-04D2F414ADDE}.Debug|Any CPU.Build.0 = Debug|Any CPU
		{EC5CA097-4B56-AB6B-8D92-04D2F414ADDE}.Release|Any CPU.ActiveCfg = Release|Any CPU
		{EC5CA097-4B56-AB6B-8D92-04D2F414ADDE}.Release|Any CPU.Build.0 = Release|Any CPU
	EndGlobalSection
	GlobalSection(SolutionProperties) = preSolution
		HideSolutionNode = FALSE
	EndGlobalSection
	GlobalSection(ExtensibilityGlobals) = postSolution
		SolutionGuid = {85658EED-A948-4D51-B57D-A89DB64E97E3}
	EndGlobalSection
EndGlobal
